
Microsoft Visual Studio Solution File, Format Version 12.00
Project("{FAE04EC0-301F-11D3-BF4B-00C04F79EFBC}") = "OOP.App", "OOP.App\OOP.App.csproj", "{1FBEDBF4-BECB-467E-8547-D592B7CF3311}"
EndProject
Project("{FAE04EC0-301F-11D3-BF4B-00C04F79EFBC}") = "OOP.Data", "OOP.Data\OOP.Data.csproj", "{BC75E0E3-7534-482F-99EE-43D65344887B}"
EndProject
Project("{FAE04EC0-301F-11D3-BF4B-00C04F79EFBC}") = "OOP.Services", "OOP.Services\OOP.Services.csproj", "{9447C3CC-6041-410A-AFDC-2BF98F19B9F2}"
EndProject
Global
	GlobalSection(SolutionConfigurationPlatforms) = preSolution
		Debug|Any CPU = Debug|Any CPU
		Release|Any CPU = Release|Any CPU
	EndGlobalSection
	GlobalSection(ProjectConfigurationPlatforms) = postSolution
		{1FBEDBF4-BECB-467E-8547-D592B7CF3311}.Debug|Any CPU.ActiveCfg = Debug|Any CPU
		{1FBEDBF4-BECB-467E-8547-D592B7CF3311}.Debug|Any CPU.Build.0 = Debug|Any CPU
		{1FBEDBF4-BECB-467E-8547-D592B7CF3311}.Release|Any CPU.ActiveCfg = Release|Any CPU
		{1FBEDBF4-BECB-467E-8547-D592B7CF3311}.Release|Any CPU.Build.0 = Release|Any CPU
		{BC75E0E3-7534-482F-99EE-43D65344887B}.Debug|Any CPU.ActiveCfg = Debug|Any CPU
		{BC75E0E3-7534-482F-99EE-43D65344887B}.Debug|Any CPU.Build.0 = Debug|Any CPU
		{BC75E0E3-7534-482F-99EE-43D65344887B}.Release|Any CPU.ActiveCfg = Release|Any CPU
		{BC75E0E3-7534-482F-99EE-43D65344887B}.Release|Any CPU.Build.0 = Release|Any CPU
		{9447C3CC-6041-410A-AFDC-2BF98F19B9F2}.Debug|Any CPU.ActiveCfg = Debug|Any CPU
		{9447C3CC-6041-410A-AFDC-2BF98F19B9F2}.Debug|Any CPU.Build.0 = Debug|Any CPU
		{9447C3CC-6041-410A-AFDC-2BF98F19B9F2}.Release|Any CPU.ActiveCfg = Release|Any CPU
		{9447C3CC-6041-410A-AFDC-2BF98F19B9F2}.Release|Any CPU.Build.0 = Release|Any CPU
	EndGlobalSection
EndGlobal
